
Microsoft Visual Studio Solution File, Format Version 12.00
Project("{FAE04EC0-301F-11D3-BF4B-00C04F79EFBC}") = "4APEC_1st", "4APEC_1st\4APEC_1st.csproj", "{48343EF1-79C8-4589-9ED7-5C4C750FE11A}"
EndProject
Project("{FAE04EC0-301F-11D3-BF4B-00C04F79EFBC}") = "Model", "Model\Model.csproj", "{67A7F8CD-1A6D-4128-8F3B-23F97DA4F988}"
EndProject
Project("{FAE04EC0-301F-11D3-BF4B-00C04F79EFBC}") = "Backend", "Backend\Backend.csproj", "{C966B3A2-ED5A-419C-9D67-27D1A930DB3F}"
EndProject
Project("{FAE04EC0-301F-11D3-BF4B-00C04F79EFBC}") = "DTO", "DTO\DTO.csproj", "{95F3C732-90B5-4D22-B3DA-B3D674AB019B}"
EndProject
Project("{FAE04EC0-301F-11D3-BF4B-00C04F79EFBC}") = "Backend.Tests", "Backend.Tests\Backend.Tests.csproj", "{24AE579C-B41C-43D3-8D6A-42CB4E93C8CF}"
EndProject
Global
	GlobalSection(SolutionConfigurationPlatforms) = preSolution
		Debug|Any CPU = Debug|Any CPU
		Release|Any CPU = Release|Any CPU
	EndGlobalSection
	GlobalSection(ProjectConfigurationPlatforms) = postSolution
		{48343EF1-79C8-4589-9ED7-5C4C750FE11A}.Debug|Any CPU.ActiveCfg = Debug|Any CPU
		{48343EF1-79C8-4589-9ED7-5C4C750FE11A}.Debug|Any CPU.Build.0 = Debug|Any CPU
		{48343EF1-79C8-4589-9ED7-5C4C750FE11A}.Release|Any CPU.ActiveCfg = Release|Any CPU
		{48343EF1-79C8-4589-9ED7-5C4C750FE11A}.Release|Any CPU.Build.0 = Release|Any CPU
		{67A7F8CD-1A6D-4128-8F3B-23F97DA4F988}.Debug|Any CPU.ActiveCfg = Debug|Any CPU
		{67A7F8CD-1A6D-4128-8F3B-23F97DA4F988}.Debug|Any CPU.Build.0 = Debug|Any CPU
		{67A7F8CD-1A6D-4128-8F3B-23F97DA4F988}.Release|Any CPU.ActiveCfg = Release|Any CPU
		{67A7F8CD-1A6D-4128-8F3B-23F97DA4F988}.Release|Any CPU.Build.0 = Release|Any CPU
		{C966B3A2-ED5A-419C-9D67-27D1A930DB3F}.Debug|Any CPU.ActiveCfg = Debug|Any CPU
		{C966B3A2-ED5A-419C-9D67-27D1A930DB3F}.Debug|Any CPU.Build.0 = Debug|Any CPU
		{C966B3A2-ED5A-419C-9D67-27D1A930DB3F}.Release|Any CPU.ActiveCfg = Release|Any CPU
		{C966B3A2-ED5A-419C-9D67-27D1A930DB3F}.Release|Any CPU.Build.0 = Release|Any CPU
		{95F3C732-90B5-4D22-B3DA-B3D674AB019B}.Debug|Any CPU.ActiveCfg = Debug|Any CPU
		{95F3C732-90B5-4D22-B3DA-B3D674AB019B}.Debug|Any CPU.Build.0 = Debug|Any CPU
		{95F3C732-90B5-4D22-B3DA-B3D674AB019B}.Release|Any CPU.ActiveCfg = Release|Any CPU
		{95F3C732-90B5-4D22-B3DA-B3D674AB019B}.Release|Any CPU.Build.0 = Release|Any CPU
		{24AE579C-B41C-43D3-8D6A-42CB4E93C8CF}.Debug|Any CPU.ActiveCfg = Debug|Any CPU
		{24AE579C-B41C-43D3-8D6A-42CB4E93C8CF}.Debug|Any CPU.Build.0 = Debug|Any CPU
		{24AE579C-B41C-43D3-8D6A-42CB4E93C8CF}.Release|Any CPU.ActiveCfg = Release|Any CPU
		{24AE579C-B41C-43D3-8D6A-42CB4E93C8CF}.Release|Any CPU.Build.0 = Release|Any CPU
	EndGlobalSection
EndGlobal
